
Microsoft Visual Studio Solution File, Format Version 12.00
# Visual Studio Version 17
VisualStudioVersion = 17.14.36221.1 d17.14
MinimumVisualStudioVersion = 10.0.40219.1
Project("{FAE04EC0-301F-11D3-BF4B-00C04F79EFBC}") = "Demo1", "Demo1\Demo1.csproj", "{454537F5-0C04-455E-B384-22AB09D873B2}"
EndProject
Project("{FAE04EC0-301F-11D3-BF4B-00C04F79EFBC}") = "Demo2", "Demo2\Demo2.csproj", "{4CD0FC5E-E514-4DAD-A43A-D1814F4F4F05}"
EndProject
Global
	GlobalSection(SolutionConfigurationPlatforms) = preSolution
		Debug|Any CPU = Debug|Any CPU
		Release|Any CPU = Release|Any CPU
	EndGlobalSection
	GlobalSection(ProjectConfigurationPlatforms) = postSolution
		{454537F5-0C04-455E-B384-22AB09D873B2}.Debug|Any CPU.ActiveCfg = Debug|Any CPU
		{454537F5-0C04-455E-B384-22AB09D873B2}.Debug|Any CPU.Build.0 = Debug|Any CPU
		{454537F5-0C04-455E-B384-22AB09D873B2}.Release|Any CPU.ActiveCfg = Release|Any CPU
		{454537F5-0C04-455E-B384-22AB09D873B2}.Release|Any CPU.Build.0 = Release|Any CPU
		{4CD0FC5E-E514-4DAD-A43A-D1814F4F4F05}.Debug|Any CPU.ActiveCfg = Debug|Any CPU
		{4CD0FC5E-E514-4DAD-A43A-D1814F4F4F05}.Debug|Any CPU.Build.0 = Debug|Any CPU
		{4CD0FC5E-E514-4DAD-A43A-D1814F4F4F05}.Release|Any CPU.ActiveCfg = Release|Any CPU
		{4CD0FC5E-E514-4DAD-A43A-D1814F4F4F05}.Release|Any CPU.Build.0 = Release|Any CPU
	EndGlobalSection
	GlobalSection(SolutionProperties) = preSolution
		HideSolutionNode = FALSE
	EndGlobalSection
	GlobalSection(ExtensibilityGlobals) = postSolution
		SolutionGuid = {3F029D14-6833-4AC7-8318-227F0387565B}
	EndGlobalSection
EndGlobal
